
Microsoft Visual Studio Solution File, Format Version 12.00
# Visual Studio Version 17
VisualStudioVersion = 17.4.33213.308
MinimumVisualStudioVersion = 10.0.40219.1
Project("{FAE04EC0-301F-11D3-BF4B-00C04F79EFBC}") = "13032023 2.0", "13032023 2.0.csproj", "{75D12B6E-68A2-4C80-8E93-C018E52B514B}"
EndProject
Global
	GlobalSection(SolutionConfigurationPlatforms) = preSolution
		Debug|Any CPU = Debug|Any CPU
		Release|Any CPU = Release|Any CPU
	EndGlobalSection
	GlobalSection(ProjectConfigurationPlatforms) = postSolution
		{75D12B6E-68A2-4C80-8E93-C018E52B514B}.Debug|Any CPU.ActiveCfg = Debug|Any CPU
		{75D12B6E-68A2-4C80-8E93-C018E52B514B}.Debug|Any CPU.Build.0 = Debug|Any CPU
		{75D12B6E-68A2-4C80-8E93-C018E52B514B}.Release|Any CPU.ActiveCfg = Release|Any CPU
		{75D12B6E-68A2-4C80-8E93-C018E52B514B}.Release|Any CPU.Build.0 = Release|Any CPU
	EndGlobalSection
	GlobalSection(SolutionProperties) = preSolution
		HideSolutionNode = FALSE
	EndGlobalSection
	GlobalSection(ExtensibilityGlobals) = postSolution
		SolutionGuid = {75D1A052-F6C0-406D-AE6B-8331BABC20E4}
	EndGlobalSection
EndGlobal
