
Microsoft Visual Studio Solution File, Format Version 12.00
# Visual Studio Version 17
VisualStudioVersion = 17.4.33213.308
MinimumVisualStudioVersion = 10.0.40219.1
Project("{FAE04EC0-301F-11D3-BF4B-00C04F79EFBC}") = "07032023", "07032023.csproj", "{4E2154FD-6F8C-4B8A-9EA7-4B230826BBF0}"
EndProject
Global
	GlobalSection(SolutionConfigurationPlatforms) = preSolution
		Debug|Any CPU = Debug|Any CPU
		Release|Any CPU = Release|Any CPU
	EndGlobalSection
	GlobalSection(ProjectConfigurationPlatforms) = postSolution
		{4E2154FD-6F8C-4B8A-9EA7-4B230826BBF0}.Debug|Any CPU.ActiveCfg = Debug|Any CPU
		{4E2154FD-6F8C-4B8A-9EA7-4B230826BBF0}.Debug|Any CPU.Build.0 = Debug|Any CPU
		{4E2154FD-6F8C-4B8A-9EA7-4B230826BBF0}.Release|Any CPU.ActiveCfg = Release|Any CPU
		{4E2154FD-6F8C-4B8A-9EA7-4B230826BBF0}.Release|Any CPU.Build.0 = Release|Any CPU
	EndGlobalSection
	GlobalSection(SolutionProperties) = preSolution
		HideSolutionNode = FALSE
	EndGlobalSection
	GlobalSection(ExtensibilityGlobals) = postSolution
		SolutionGuid = {1CD15E07-D6F6-4667-A4F4-753457B36E65}
	EndGlobalSection
EndGlobal
