
Microsoft Visual Studio Solution File, Format Version 12.00
# Visual Studio Version 17
VisualStudioVersion = 17.4.33213.308
MinimumVisualStudioVersion = 10.0.40219.1
Project("{9A19103F-16F7-4668-BE54-9A1E7A4F7556}") = "16.03.2023 hw", "16.03.2023 hw.csproj", "{30920034-29F2-4E9E-9566-21CB0D5CDCAD}"
EndProject
Project("{FAE04EC0-301F-11D3-BF4B-00C04F79EFBC}") = "Coree", "..\Coree\Coree.csproj", "{F2714DEE-8EFA-4114-98E0-9766F0FAB874}"
EndProject
Project("{FAE04EC0-301F-11D3-BF4B-00C04F79EFBC}") = "Utilss", "..\Utilss\Utilss.csproj", "{21693AC8-0317-4B5D-978D-560894144A53}"
EndProject
Global
	GlobalSection(SolutionConfigurationPlatforms) = preSolution
		Debug|Any CPU = Debug|Any CPU
		Release|Any CPU = Release|Any CPU
	EndGlobalSection
	GlobalSection(ProjectConfigurationPlatforms) = postSolution
		{30920034-29F2-4E9E-9566-21CB0D5CDCAD}.Debug|Any CPU.ActiveCfg = Debug|Any CPU
		{30920034-29F2-4E9E-9566-21CB0D5CDCAD}.Debug|Any CPU.Build.0 = Debug|Any CPU
		{30920034-29F2-4E9E-9566-21CB0D5CDCAD}.Release|Any CPU.ActiveCfg = Release|Any CPU
		{30920034-29F2-4E9E-9566-21CB0D5CDCAD}.Release|Any CPU.Build.0 = Release|Any CPU
		{F2714DEE-8EFA-4114-98E0-9766F0FAB874}.Debug|Any CPU.ActiveCfg = Debug|Any CPU
		{F2714DEE-8EFA-4114-98E0-9766F0FAB874}.Debug|Any CPU.Build.0 = Debug|Any CPU
		{F2714DEE-8EFA-4114-98E0-9766F0FAB874}.Release|Any CPU.ActiveCfg = Release|Any CPU
		{F2714DEE-8EFA-4114-98E0-9766F0FAB874}.Release|Any CPU.Build.0 = Release|Any CPU
		{21693AC8-0317-4B5D-978D-560894144A53}.Debug|Any CPU.ActiveCfg = Debug|Any CPU
		{21693AC8-0317-4B5D-978D-560894144A53}.Debug|Any CPU.Build.0 = Debug|Any CPU
		{21693AC8-0317-4B5D-978D-560894144A53}.Release|Any CPU.ActiveCfg = Release|Any CPU
		{21693AC8-0317-4B5D-978D-560894144A53}.Release|Any CPU.Build.0 = Release|Any CPU
	EndGlobalSection
	GlobalSection(SolutionProperties) = preSolution
		HideSolutionNode = FALSE
	EndGlobalSection
	GlobalSection(ExtensibilityGlobals) = postSolution
		SolutionGuid = {CE01ADA9-E7F4-475A-A855-887EC7BA93B9}
	EndGlobalSection
EndGlobal
